
Microsoft Visual Studio Solution File, Format Version 12.00
# Visual Studio 15
VisualStudioVersion = 15.0.28010.2048
MinimumVisualStudioVersion = 10.0.40219.1
Project("{FAE04EC0-301F-11D3-BF4B-00C04F79EFBC}") = "ControlVolumen", "WindowsFormsControlLibrary1\ControlVolumen.csproj", "{88B8C18C-D227-4B45-B35C-332BA3B446CF}"
EndProject
Global
	GlobalSection(SolutionConfigurationPlatforms) = preSolution
		Debug|Any CPU = Debug|Any CPU
		Release|Any CPU = Release|Any CPU
	EndGlobalSection
	GlobalSection(ProjectConfigurationPlatforms) = postSolution
		{88B8C18C-D227-4B45-B35C-332BA3B446CF}.Debug|Any CPU.ActiveCfg = Debug|Any CPU
		{88B8C18C-D227-4B45-B35C-332BA3B446CF}.Debug|Any CPU.Build.0 = Debug|Any CPU
		{88B8C18C-D227-4B45-B35C-332BA3B446CF}.Release|Any CPU.ActiveCfg = Release|Any CPU
		{88B8C18C-D227-4B45-B35C-332BA3B446CF}.Release|Any CPU.Build.0 = Release|Any CPU
	EndGlobalSection
	GlobalSection(SolutionProperties) = preSolution
		HideSolutionNode = FALSE
	EndGlobalSection
	GlobalSection(ExtensibilityGlobals) = postSolution
		SolutionGuid = {1120C436-9288-4EBB-B1E4-C3BF5E2B71B8}
	EndGlobalSection
EndGlobal
